
Microsoft Visual Studio Solution File, Format Version 12.00
# Visual Studio Version 17
VisualStudioVersion = 17.14.37012.4 d17.14
MinimumVisualStudioVersion = 10.0.40219.1
Project("{FAE04EC0-301F-11D3-BF4B-00C04F79EFBC}") = "RPGLogger", "RPGLogger\RPGLogger.csproj", "{3DBF17B6-C5E9-4C90-B5AD-53C9D238C8B4}"
EndProject
Global
	GlobalSection(SolutionConfigurationPlatforms) = preSolution
		Debug|Any CPU = Debug|Any CPU
		Release|Any CPU = Release|Any CPU
	EndGlobalSection
	GlobalSection(ProjectConfigurationPlatforms) = postSolution
		{3DBF17B6-C5E9-4C90-B5AD-53C9D238C8B4}.Debug|Any CPU.ActiveCfg = Debug|Any CPU
		{3DBF17B6-C5E9-4C90-B5AD-53C9D238C8B4}.Debug|Any CPU.Build.0 = Debug|Any CPU
		{3DBF17B6-C5E9-4C90-B5AD-53C9D238C8B4}.Release|Any CPU.ActiveCfg = Release|Any CPU
		{3DBF17B6-C5E9-4C90-B5AD-53C9D238C8B4}.Release|Any CPU.Build.0 = Release|Any CPU
	EndGlobalSection
	GlobalSection(SolutionProperties) = preSolution
		HideSolutionNode = FALSE
	EndGlobalSection
	GlobalSection(ExtensibilityGlobals) = postSolution
		SolutionGuid = {1F50A5EF-B86C-4139-9ADC-CC752E415120}
	EndGlobalSection
EndGlobal
